// !$*UTF8*$!
{
	archiveVersion = 1;
	classes = {
	};
	objectVersion = 48;
	objects = {

/* Begin PBXBuildFile section */
		4F8C2B902021792F00A44358 /* AppDelegate.m in Sources */ = {isa = PBXBuildFile; fileRef = 4F8C2B8F2021792F00A44358 /* AppDelegate.m */; };
		4F8C2B932021792F00A44358 /* FirstViewController.m in Sources */ = {isa = PBXBuildFile; fileRef = 4F8C2B922021792F00A44358 /* FirstViewController.m */; };
		4F8C2B962021792F00A44358 /* SecondViewController.m in Sources */ = {isa = PBXBuildFile; fileRef = 4F8C2B952021792F00A44358 /* SecondViewController.m */; };
		4F8C2B992021792F00A44358 /* Main.storyboard in Resources */ = {isa = PBXBuildFile; fileRef = 4F8C2B972021792F00A44358 /* Main.storyboard */; };
		4F8C2B9B2021792F00A44358 /* Assets.xcassets in Resources */ = {isa = PBXBuildFile; fileRef = 4F8C2B9A2021792F00A44358 /* Assets.xcassets */; };
		4F8C2B9E2021792F00A44358 /* LaunchScreen.storyboard in Resources */ = {isa = PBXBuildFile; fileRef = 4F8C2B9C2021792F00A44358 /* LaunchScreen.storyboard */; };
		4F8C2BA12021792F00A44358 /* main.m in Sources */ = {isa = PBXBuildFile; fileRef = 4F8C2BA02021792F00A44358 /* main.m */; };
		4F8C2BAA202179BE00A44358 /* LTSNavigationBar.m in Sources */ = {isa = PBXBuildFile; fileRef = 4F8C2BA9202179BE00A44358 /* LTSNavigationBar.m */; };
		4F8C2BAD202179FC00A44358 /* LTSNavigationController.m in Sources */ = {isa = PBXBuildFile; fileRef = 4F8C2BAC202179FC00A44358 /* LTSNavigationController.m */; };
		4F8C2BBD20219A2300A44358 /* UIViewController+LTS.m in Sources */ = {isa = PBXBuildFile; fileRef = 4F8C2BBC20219A2300A44358 /* UIViewController+LTS.m */; };
		4F8C2BC020219E3100A44358 /* LTSCustomContainerView.m in Sources */ = {isa = PBXBuildFile; fileRef = 4F8C2BBF20219E3100A44358 /* LTSCustomContainerView.m */; };
		4F8C2BC72021A4EC00A44358 /* LTSTitleView.m in Sources */ = {isa = PBXBuildFile; fileRef = 4F8C2BC62021A4EC00A44358 /* LTSTitleView.m */; };
		4F8C2BCA2021A97200A44358 /* NormalTableViewController.m in Sources */ = {isa = PBXBuildFile; fileRef = 4F8C2BC92021A97200A44358 /* NormalTableViewController.m */; };
		4F8C2BCD2021BF4D00A44358 /* LTSMenuView.m in Sources */ = {isa = PBXBuildFile; fileRef = 4F8C2BCC2021BF4D00A44358 /* LTSMenuView.m */; };
		4F8C2BD02021C16600A44358 /* MenuTableViewController.m in Sources */ = {isa = PBXBuildFile; fileRef = 4F8C2BCF2021C16600A44358 /* MenuTableViewController.m */; };
/* End PBXBuildFile section */

/* Begin PBXFileReference section */
		4F8C2B8B2021792F00A44358 /* LargeTitleStyle.app */ = {isa = PBXFileReference; explicitFileType = wrapper.application; includeInIndex = 0; path = LargeTitleStyle.app; sourceTree = BUILT_PRODUCTS_DIR; };
		4F8C2B8E2021792F00A44358 /* AppDelegate.h */ = {isa = PBXFileReference; lastKnownFileType = sourcecode.c.h; path = AppDelegate.h; sourceTree = "<group>"; };
		4F8C2B8F2021792F00A44358 /* AppDelegate.m */ = {isa = PBXFileReference; lastKnownFileType = sourcecode.c.objc; path = AppDelegate.m; sourceTree = "<group>"; };
		4F8C2B912021792F00A44358 /* FirstViewController.h */ = {isa = PBXFileReference; lastKnownFileType = sourcecode.c.h; path = FirstViewController.h; sourceTree = "<group>"; };
		4F8C2B922021792F00A44358 /* FirstViewController.m */ = {isa = PBXFileReference; lastKnownFileType = sourcecode.c.objc; path = FirstViewController.m; sourceTree = "<group>"; };
		4F8C2B942021792F00A44358 /* SecondViewController.h */ = {isa = PBXFileReference; lastKnownFileType = sourcecode.c.h; path = SecondViewController.h; sourceTree = "<group>"; };
		4F8C2B952021792F00A44358 /* SecondViewController.m */ = {isa = PBXFileReference; lastKnownFileType = sourcecode.c.objc; path = SecondViewController.m; sourceTree = "<group>"; };
		4F8C2B982021792F00A44358 /* Base */ = {isa = PBXFileReference; lastKnownFileType = file.storyboard; name = Base; path = Base.lproj/Main.storyboard; sourceTree = "<group>"; };
		4F8C2B9A2021792F00A44358 /* Assets.xcassets */ = {isa = PBXFileReference; lastKnownFileType = folder.assetcatalog; path = Assets.xcassets; sourceTree = "<group>"; };
		4F8C2B9D2021792F00A44358 /* Base */ = {isa = PBXFileReference; lastKnownFileType = file.storyboard; name = Base; path = Base.lproj/LaunchScreen.storyboard; sourceTree = "<group>"; };
		4F8C2B9F2021792F00A44358 /* Info.plist */ = {isa = PBXFileReference; lastKnownFileType = text.plist.xml; path = Info.plist; sourceTree = "<group>"; };
		4F8C2BA02021792F00A44358 /* main.m */ = {isa = PBXFileReference; lastKnownFileType = sourcecode.c.objc; path = main.m; sourceTree = "<group>"; };
		4F8C2BA8202179BE00A44358 /* LTSNavigationBar.h */ = {isa = PBXFileReference; lastKnownFileType = sourcecode.c.h; path = LTSNavigationBar.h; sourceTree = "<group>"; };
		4F8C2BA9202179BE00A44358 /* LTSNavigationBar.m */ = {isa = PBXFileReference; lastKnownFileType = sourcecode.c.objc; path = LTSNavigationBar.m; sourceTree = "<group>"; };
		4F8C2BAB202179FC00A44358 /* LTSNavigationController.h */ = {isa = PBXFileReference; lastKnownFileType = sourcecode.c.h; path = LTSNavigationController.h; sourceTree = "<group>"; };
		4F8C2BAC202179FC00A44358 /* LTSNavigationController.m */ = {isa = PBXFileReference; lastKnownFileType = sourcecode.c.objc; path = LTSNavigationController.m; sourceTree = "<group>"; };
		4F8C2BBB20219A2300A44358 /* UIViewController+LTS.h */ = {isa = PBXFileReference; lastKnownFileType = sourcecode.c.h; path = "UIViewController+LTS.h"; sourceTree = "<group>"; };
		4F8C2BBC20219A2300A44358 /* UIViewController+LTS.m */ = {isa = PBXFileReference; lastKnownFileType = sourcecode.c.objc; path = "UIViewController+LTS.m"; sourceTree = "<group>"; };
		4F8C2BBE20219E3100A44358 /* LTSCustomContainerView.h */ = {isa = PBXFileReference; lastKnownFileType = sourcecode.c.h; path = LTSCustomContainerView.h; sourceTree = "<group>"; };
		4F8C2BBF20219E3100A44358 /* LTSCustomContainerView.m */ = {isa = PBXFileReference; lastKnownFileType = sourcecode.c.objc; path = LTSCustomContainerView.m; sourceTree = "<group>"; };
		4F8C2BC120219F7F00A44358 /* LTSViewProtocol.h */ = {isa = PBXFileReference; lastKnownFileType = sourcecode.c.h; path = LTSViewProtocol.h; sourceTree = "<group>"; };
		4F8C2BC52021A4EC00A44358 /* LTSTitleView.h */ = {isa = PBXFileReference; lastKnownFileType = sourcecode.c.h; path = LTSTitleView.h; sourceTree = "<group>"; };
		4F8C2BC62021A4EC00A44358 /* LTSTitleView.m */ = {isa = PBXFileReference; lastKnownFileType = sourcecode.c.objc; path = LTSTitleView.m; sourceTree = "<group>"; };
		4F8C2BC82021A97200A44358 /* NormalTableViewController.h */ = {isa = PBXFileReference; lastKnownFileType = sourcecode.c.h; path = NormalTableViewController.h; sourceTree = "<group>"; };
		4F8C2BC92021A97200A44358 /* NormalTableViewController.m */ = {isa = PBXFileReference; lastKnownFileType = sourcecode.c.objc; path = NormalTableViewController.m; sourceTree = "<group>"; };
		4F8C2BCB2021BF4D00A44358 /* LTSMenuView.h */ = {isa = PBXFileReference; lastKnownFileType = sourcecode.c.h; path = LTSMenuView.h; sourceTree = "<group>"; };
		4F8C2BCC2021BF4D00A44358 /* LTSMenuView.m */ = {isa = PBXFileReference; lastKnownFileType = sourcecode.c.objc; path = LTSMenuView.m; sourceTree = "<group>"; };
		4F8C2BCE2021C16500A44358 /* MenuTableViewController.h */ = {isa = PBXFileReference; lastKnownFileType = sourcecode.c.h; path = MenuTableViewController.h; sourceTree = "<group>"; };
		4F8C2BCF2021C16600A44358 /* MenuTableViewController.m */ = {isa = PBXFileReference; lastKnownFileType = sourcecode.c.objc; path = MenuTableViewController.m; sourceTree = "<group>"; };
/* End PBXFileReference section */

/* Begin PBXFrameworksBuildPhase section */
		4F8C2B882021792F00A44358 /* Frameworks */ = {
			isa = PBXFrameworksBuildPhase;
			buildActionMask = 2147483647;
			files = (
			);
			runOnlyForDeploymentPostprocessing = 0;
		};
/* End PBXFrameworksBuildPhase section */

/* Begin PBXGroup section */
		4F8C2B822021792F00A44358 = {
			isa = PBXGroup;
			children = (
				4F8C2B8D2021792F00A44358 /* LargeTitleStyle */,
				4F8C2B8C2021792F00A44358 /* Products */,
			);
			sourceTree = "<group>";
		};
		4F8C2B8C2021792F00A44358 /* Products */ = {
			isa = PBXGroup;
			children = (
				4F8C2B8B2021792F00A44358 /* LargeTitleStyle.app */,
			);
			name = Products;
			sourceTree = "<group>";
		};
		4F8C2B8D2021792F00A44358 /* LargeTitleStyle */ = {
			isa = PBXGroup;
			children = (
				4F8C2BC42021A4D100A44358 /* DefaultTitleView */,
				4F8C2BA7202179AD00A44358 /* LTSNavigation */,
				4F8C2B8E2021792F00A44358 /* AppDelegate.h */,
				4F8C2B8F2021792F00A44358 /* AppDelegate.m */,
				4F8C2B912021792F00A44358 /* FirstViewController.h */,
				4F8C2B922021792F00A44358 /* FirstViewController.m */,
				4F8C2BC82021A97200A44358 /* NormalTableViewController.h */,
				4F8C2BC92021A97200A44358 /* NormalTableViewController.m */,
				4F8C2B942021792F00A44358 /* SecondViewController.h */,
				4F8C2B952021792F00A44358 /* SecondViewController.m */,
				4F8C2BCE2021C16500A44358 /* MenuTableViewController.h */,
				4F8C2BCF2021C16600A44358 /* MenuTableViewController.m */,
				4F8C2B972021792F00A44358 /* Main.storyboard */,
				4F8C2B9A2021792F00A44358 /* Assets.xcassets */,
				4F8C2B9C2021792F00A44358 /* LaunchScreen.storyboard */,
				4F8C2B9F2021792F00A44358 /* Info.plist */,
				4F8C2BA02021792F00A44358 /* main.m */,
			);
			path = LargeTitleStyle;
			sourceTree = "<group>";
		};
		4F8C2BA7202179AD00A44358 /* LTSNavigation */ = {
			isa = PBXGroup;
			children = (
				4F8C2BA8202179BE00A44358 /* LTSNavigationBar.h */,
				4F8C2BA9202179BE00A44358 /* LTSNavigationBar.m */,
				4F8C2BAB202179FC00A44358 /* LTSNavigationController.h */,
				4F8C2BAC202179FC00A44358 /* LTSNavigationController.m */,
				4F8C2BBB20219A2300A44358 /* UIViewController+LTS.h */,
				4F8C2BBC20219A2300A44358 /* UIViewController+LTS.m */,
				4F8C2BBE20219E3100A44358 /* LTSCustomContainerView.h */,
				4F8C2BBF20219E3100A44358 /* LTSCustomContainerView.m */,
				4F8C2BC120219F7F00A44358 /* LTSViewProtocol.h */,
			);
			path = LTSNavigation;
			sourceTree = "<group>";
		};
		4F8C2BC42021A4D100A44358 /* DefaultTitleView */ = {
			isa = PBXGroup;
			children = (
				4F8C2BC52021A4EC00A44358 /* LTSTitleView.h */,
				4F8C2BC62021A4EC00A44358 /* LTSTitleView.m */,
				4F8C2BCB2021BF4D00A44358 /* LTSMenuView.h */,
				4F8C2BCC2021BF4D00A44358 /* LTSMenuView.m */,
			);
			path = DefaultTitleView;
			sourceTree = "<group>";
		};
/* End PBXGroup section */

/* Begin PBXNativeTarget section */
		4F8C2B8A2021792F00A44358 /* LargeTitleStyle */ = {
			isa = PBXNativeTarget;
			buildConfigurationList = 4F8C2BA42021792F00A44358 /* Build configuration list for PBXNativeTarget "LargeTitleStyle" */;
			buildPhases = (
				4F8C2B872021792F00A44358 /* Sources */,
				4F8C2B882021792F00A44358 /* Frameworks */,
				4F8C2B892021792F00A44358 /* Resources */,
			);
			buildRules = (
			);
			dependencies = (
			);
			name = LargeTitleStyle;
			productName = LargeTitleStyle;
			productReference = 4F8C2B8B2021792F00A44358 /* LargeTitleStyle.app */;
			productType = "com.apple.product-type.application";
		};
/* End PBXNativeTarget section */

/* Begin PBXProject section */
		4F8C2B832021792F00A44358 /* Project object */ = {
			isa = PBXProject;
			attributes = {
				LastUpgradeCheck = 0920;
				ORGANIZATIONNAME = 21cn;
				TargetAttributes = {
					4F8C2B8A2021792F00A44358 = {
						CreatedOnToolsVersion = 9.2;
						ProvisioningStyle = Automatic;
					};
				};
			};
			buildConfigurationList = 4F8C2B862021792F00A44358 /* Build configuration list for PBXProject "LargeTitleStyle" */;
			compatibilityVersion = "Xcode 8.0";
			developmentRegion = en;
			hasScannedForEncodings = 0;
			knownRegions = (
				en,
				Base,
			);
			mainGroup = 4F8C2B822021792F00A44358;
			productRefGroup = 4F8C2B8C2021792F00A44358 /* Products */;
			projectDirPath = "";
			projectRoot = "";
			targets = (
				4F8C2B8A2021792F00A44358 /* LargeTitleStyle */,
			);
		};
/* End PBXProject section */

/* Begin PBXResourcesBuildPhase section */
		4F8C2B892021792F00A44358 /* Resources */ = {
			isa = PBXResourcesBuildPhase;
			buildActionMask = 2147483647;
			files = (
				4F8C2B9E2021792F00A44358 /* LaunchScreen.storyboard in Resources */,
				4F8C2B9B2021792F00A44358 /* Assets.xcassets in Resources */,
				4F8C2B992021792F00A44358 /* Main.storyboard in Resources */,
			);
			runOnlyForDeploymentPostprocessing = 0;
		};
/* End PBXResourcesBuildPhase section */

/* Begin PBXSourcesBuildPhase section */
		4F8C2B872021792F00A44358 /* Sources */ = {
			isa = PBXSourcesBuildPhase;
			buildActionMask = 2147483647;
			files = (
				4F8C2BBD20219A2300A44358 /* UIViewController+LTS.m in Sources */,
				4F8C2B962021792F00A44358 /* SecondViewController.m in Sources */,
				4F8C2BAD202179FC00A44358 /* LTSNavigationController.m in Sources */,
				4F8C2BC72021A4EC00A44358 /* LTSTitleView.m in Sources */,
				4F8C2BD02021C16600A44358 /* MenuTableViewController.m in Sources */,
				4F8C2B902021792F00A44358 /* AppDelegate.m in Sources */,
				4F8C2BAA202179BE00A44358 /* LTSNavigationBar.m in Sources */,
				4F8C2BA12021792F00A44358 /* main.m in Sources */,
				4F8C2BCA2021A97200A44358 /* NormalTableViewController.m in Sources */,
				4F8C2BCD2021BF4D00A44358 /* LTSMenuView.m in Sources */,
				4F8C2B932021792F00A44358 /* FirstViewController.m in Sources */,
				4F8C2BC020219E3100A44358 /* LTSCustomContainerView.m in Sources */,
			);
			runOnlyForDeploymentPostprocessing = 0;
		};
/* End PBXSourcesBuildPhase section */

/* Begin PBXVariantGroup section */
		4F8C2B972021792F00A44358 /* Main.storyboard */ = {
			isa = PBXVariantGroup;
			children = (
				4F8C2B982021792F00A44358 /* Base */,
			);
			name = Main.storyboard;
			sourceTree = "<group>";
		};
		4F8C2B9C2021792F00A44358 /* LaunchScreen.storyboard */ = {
			isa = PBXVariantGroup;
			children = (
				4F8C2B9D2021792F00A44358 /* Base */,
			);
			name = LaunchScreen.storyboard;
			sourceTree = "<group>";
		};
/* End PBXVariantGroup section */

/* Begin XCBuildConfiguration section */
		4F8C2BA22021792F00A44358 /* Debug */ = {
			isa = XCBuildConfiguration;
			buildSettings = {
				ALWAYS_SEARCH_USER_PATHS = NO;
				CLANG_ANALYZER_NONNULL = YES;
				CLANG_ANALYZER_NUMBER_OBJECT_CONVERSION = YES_AGGRESSIVE;
				CLANG_CXX_LANGUAGE_STANDARD = "gnu++14";
				CLANG_CXX_LIBRARY = "libc++";
				CLANG_ENABLE_MODULES = YES;
				CLANG_ENABLE_OBJC_ARC = YES;
				CLANG_WARN_BLOCK_CAPTURE_AUTORELEASING = YES;
				CLANG_WARN_BOOL_CONVERSION = YES;
				CLANG_WARN_COMMA = YES;
				CLANG_WARN_CONSTANT_CONVERSION = YES;
				CLANG_WARN_DIRECT_OBJC_ISA_USAGE = YES_ERROR;
				CLANG_WARN_DOCUMENTATION_COMMENTS = YES;
				CLANG_WARN_EMPTY_BODY = YES;
				CLANG_WARN_ENUM_CONVERSION = YES;
				CLANG_WARN_INFINITE_RECURSION = YES;
				CLANG_WARN_INT_CONVERSION = YES;
				CLANG_WARN_NON_LITERAL_NULL_CONVERSION = YES;
				CLANG_WARN_OBJC_LITERAL_CONVERSION = YES;
				CLANG_WARN_OBJC_ROOT_CLASS = YES_ERROR;
				CLANG_WARN_RANGE_LOOP_ANALYSIS = YES;
				CLANG_WARN_STRICT_PROTOTYPES = YES;
				CLANG_WARN_SUSPICIOUS_MOVE = YES;
				CLANG_WARN_UNGUARDED_AVAILABILITY = YES_AGGRESSIVE;
				CLANG_WARN_UNREACHABLE_CODE = YES;
				CLANG_WARN__DUPLICATE_METHOD_MATCH = YES;
				CODE_SIGN_IDENTITY = "iPhone Developer";
				COPY_PHASE_STRIP = NO;
				DEBUG_INFORMATION_FORMAT = dwarf;
				ENABLE_STRICT_OBJC_MSGSEND = YES;
				ENABLE_TESTABILITY = YES;
				GCC_C_LANGUAGE_STANDARD = gnu11;
				GCC_DYNAMIC_NO_PIC = NO;
				GCC_NO_COMMON_BLOCKS = YES;
				GCC_OPTIMIZATION_LEVEL = 0;
				GCC_PREPROCESSOR_DEFINITIONS = (
					"DEBUG=1",
					"$(inherited)",
				);
				GCC_WARN_64_TO_32_BIT_CONVERSION = YES;
				GCC_WARN_ABOUT_RETURN_TYPE = YES_ERROR;
				GCC_WARN_UNDECLARED_SELECTOR = YES;
				GCC_WARN_UNINITIALIZED_AUTOS = YES_AGGRESSIVE;
				GCC_WARN_UNUSED_FUNCTION = YES;
				GCC_WARN_UNUSED_VARIABLE = YES;
				IPHONEOS_DEPLOYMENT_TARGET = 11.2;
				MTL_ENABLE_DEBUG_INFO = YES;
				ONLY_ACTIVE_ARCH = YES;
				SDKROOT = iphoneos;
			};
			name = Debug;
		};
		4F8C2BA32021792F00A44358 /* Release */ = {
			isa = XCBuildConfiguration;
			buildSettings = {
				ALWAYS_SEARCH_USER_PATHS = NO;
				CLANG_ANALYZER_NONNULL = YES;
				CLANG_ANALYZER_NUMBER_OBJECT_CONVERSION = YES_AGGRESSIVE;
				CLANG_CXX_LANGUAGE_STANDARD = "gnu++14";
				CLANG_CXX_LIBRARY = "libc++";
				CLANG_ENABLE_MODULES = YES;
				CLANG_ENABLE_OBJC_ARC = YES;
				CLANG_WARN_BLOCK_CAPTURE_AUTORELEASING = YES;
				CLANG_WARN_BOOL_CONVERSION = YES;
				CLANG_WARN_COMMA = YES;
				CLANG_WARN_CONSTANT_CONVERSION = YES;
				CLANG_WARN_DIRECT_OBJC_ISA_USAGE = YES_ERROR;
				CLANG_WARN_DOCUMENTATION_COMMENTS = YES;
				CLANG_WARN_EMPTY_BODY = YES;
				CLANG_WARN_ENUM_CONVERSION = YES;
				CLANG_WARN_INFINITE_RECURSION = YES;
				CLANG_WARN_INT_CONVERSION = YES;
				CLANG_WARN_NON_LITERAL_NULL_CONVERSION = YES;
				CLANG_WARN_OBJC_LITERAL_CONVERSION = YES;
				CLANG_WARN_OBJC_ROOT_CLASS = YES_ERROR;
				CLANG_WARN_RANGE_LOOP_ANALYSIS = YES;
				CLANG_WARN_STRICT_PROTOTYPES = YES;
				CLANG_WARN_SUSPICIOUS_MOVE = YES;
				CLANG_WARN_UNGUARDED_AVAILABILITY = YES_AGGRESSIVE;
				CLANG_WARN_UNREACHABLE_CODE = YES;
				CLANG_WARN__DUPLICATE_METHOD_MATCH = YES;
				CODE_SIGN_IDENTITY = "iPhone Developer";
				COPY_PHASE_STRIP = NO;
				DEBUG_INFORMATION_FORMAT = "dwarf-with-dsym";
				ENABLE_NS_ASSERTIONS = NO;
				ENABLE_STRICT_OBJC_MSGSEND = YES;
				GCC_C_LANGUAGE_STANDARD = gnu11;
				GCC_NO_COMMON_BLOCKS = YES;
				GCC_WARN_64_TO_32_BIT_CONVERSION = YES;
				GCC_WARN_ABOUT_RETURN_TYPE = YES_ERROR;
				GCC_WARN_UNDECLARED_SELECTOR = YES;
				GCC_WARN_UNINITIALIZED_AUTOS = YES_AGGRESSIVE;
				GCC_WARN_UNUSED_FUNCTION = YES;
				GCC_WARN_UNUSED_VARIABLE = YES;
				IPHONEOS_DEPLOYMENT_TARGET = 11.2;
				MTL_ENABLE_DEBUG_INFO = NO;
				SDKROOT = iphoneos;
				VALIDATE_PRODUCT = YES;
			};
			name = Release;
		};
		4F8C2BA52021792F00A44358 /* Debug */ = {
			isa = XCBuildConfiguration;
			buildSettings = {
				ASSETCATALOG_COMPILER_APPICON_NAME = AppIcon;
				CODE_SIGN_STYLE = Automatic;
				INFOPLIST_FILE = LargeTitleStyle/Info.plist;
				IPHONEOS_DEPLOYMENT_TARGET = 9.0;
				LD_RUNPATH_SEARCH_PATHS = "$(inherited) @executable_path/Frameworks";
				PRODUCT_BUNDLE_IDENTIFIER = com.21cn.LargeTitleStyle;
				PRODUCT_NAME = "$(TARGET_NAME)";
				TARGETED_DEVICE_FAMILY = "1,2";
			};
			name = Debug;
		};
		4F8C2BA62021792F00A44358 /* Release */ = {
			isa = XCBuildConfiguration;
			buildSettings = {
				ASSETCATALOG_COMPILER_APPICON_NAME = AppIcon;
				CODE_SIGN_STYLE = Automatic;
				INFOPLIST_FILE = LargeTitleStyle/Info.plist;
				IPHONEOS_DEPLOYMENT_TARGET = 9.0;
				LD_RUNPATH_SEARCH_PATHS = "$(inherited) @executable_path/Frameworks";
				PRODUCT_BUNDLE_IDENTIFIER = com.21cn.LargeTitleStyle;
				PRODUCT_NAME = "$(TARGET_NAME)";
				TARGETED_DEVICE_FAMILY = "1,2";
			};
			name = Release;
		};
/* End XCBuildConfiguration section */

/* Begin XCConfigurationList section */
		4F8C2B862021792F00A44358 /* Build configuration list for PBXProject "LargeTitleStyle" */ = {
			isa = XCConfigurationList;
			buildConfigurations = (
				4F8C2BA22021792F00A44358 /* Debug */,
				4F8C2BA32021792F00A44358 /* Release */,
			);
			defaultConfigurationIsVisible = 0;
			defaultConfigurationName = Release;
		};
		4F8C2BA42021792F00A44358 /* Build configuration list for PBXNativeTarget "LargeTitleStyle" */ = {
			isa = XCConfigurationList;
			buildConfigurations = (
				4F8C2BA52021792F00A44358 /* Debug */,
				4F8C2BA62021792F00A44358 /* Release */,
			);
			defaultConfigurationIsVisible = 0;
			defaultConfigurationName = Release;
		};
/* End XCConfigurationList section */
	};
	rootObject = 4F8C2B832021792F00A44358 /* Project object */;
}
